
Microsoft Visual Studio Solution File, Format Version 12.00
# Visual Studio Version 17
VisualStudioVersion = 17.4.33110.190
MinimumVisualStudioVersion = 10.0.40219.1
Project("{FAE04EC0-301F-11D3-BF4B-00C04F79EFBC}") = "eTickets", "eTickets\eTickets.csproj", "{88134618-436A-4A56-B8B9-8118A3A5606E}"
EndProject
Global
	GlobalSection(SolutionConfigurationPlatforms) = preSolution
		Debug|Any CPU = Debug|Any CPU
		Release|Any CPU = Release|Any CPU
	EndGlobalSection
	GlobalSection(ProjectConfigurationPlatforms) = postSolution
		{88134618-436A-4A56-B8B9-8118A3A5606E}.Debug|Any CPU.ActiveCfg = Debug|Any CPU
		{88134618-436A-4A56-B8B9-8118A3A5606E}.Debug|Any CPU.Build.0 = Debug|Any CPU
		{88134618-436A-4A56-B8B9-8118A3A5606E}.Release|Any CPU.ActiveCfg = Release|Any CPU
		{88134618-436A-4A56-B8B9-8118A3A5606E}.Release|Any CPU.Build.0 = Release|Any CPU
	EndGlobalSection
	GlobalSection(SolutionProperties) = preSolution
		HideSolutionNode = FALSE
	EndGlobalSection
	GlobalSection(ExtensibilityGlobals) = postSolution
		SolutionGuid = {2A6F41BE-CA2F-4522-A10A-318A9ED94605}
	EndGlobalSection
EndGlobal
